# This file is automatically @generated by Cargo.
# It is not intended for manual editing.
[[package]]
name = "autocfg"
version = "0.1.7"
source = "registry+https://github.com/rust-lang/crates.io-index"
checksum = "1d49d90015b3c36167a20fe2810c5cd875ad504b39cff3d4eae7977e6b7c1cb2"

[[package]]
name = "autocfg"
version = "1.0.1"
source = "registry+https://github.com/rust-lang/crates.io-index"
checksum = "cdb031dd78e28731d87d56cc8ffef4a8f36ca26c38fe2de700543e627f8a464a"

[[package]]
name = "base64"
version = "0.10.1"
source = "git+https://github.com/mesalock-linux/rust-base64-sgx#cdc4f4ab79522f75e4d178c3dcc0b1f0770c6a86"
dependencies = [
 "sgx_tstd",
]

[[package]]
name = "bit-vec"
version = "0.6.2"
source = "registry+https://github.com/rust-lang/crates.io-index"
checksum = "5f0dc55f2d8a1a85650ac47858bb001b4c0dd73d79e3c455a842925e68d29cd3"

[[package]]
name = "cc"
version = "1.0.61"
source = "registry+https://github.com/rust-lang/crates.io-index"
checksum = "ed67cbde08356238e75fc4656be4749481eeffb09e19f320a25237d5221c985d"

[[package]]
name = "cfg-if"
version = "0.1.10"
source = "registry+https://github.com/rust-lang/crates.io-index"
checksum = "4785bdd1c96b2a846b2bd7cc02e86b6b3dbf14e7e53446c4f54c92a361040822"

[[package]]
name = "chrono"
version = "0.4.11"
source = "git+https://github.com/mesalock-linux/chrono-sgx#43d452d9dc6fc3d2ef90bf1901486d7093cdb804"
dependencies = [
 "num-integer",
 "num-traits",
 "sgx_tstd",
]

[[package]]
name = "either"
version = "1.6.1"
source = "registry+https://github.com/rust-lang/crates.io-index"
checksum = "e78d4f1cc4ae33bbfc157ed5d5a5ef3bc29227303d595861deb238fcec4e9457"

[[package]]
name = "hashbrown_tstd"
version = "0.9.0"

[[package]]
name = "httparse"
version = "1.3.4"
source = "registry+https://github.com/rust-lang/crates.io-index"
checksum = "cd179ae861f0c2e53da70d892f5f3029f9594be0c41dc5269cd371691b1dc2f9"

[[package]]
name = "itertools"
version = "0.8.2"
source = "registry+https://github.com/rust-lang/crates.io-index"
checksum = "f56a2d0bc861f9165be4eb3442afd3c236d8a98afd426f65d92324ae1091a484"
dependencies = [
 "either",
]

[[package]]
name = "itoa"
version = "0.4.5"
source = "git+https://github.com/mesalock-linux/itoa-sgx.git#a49118cf1bc9ab4599c1f2b2cccc4f3f8c0ec38a"
dependencies = [
 "sgx_tstd",
]

[[package]]
name = "lazy_static"
version = "1.4.0"
source = "registry+https://github.com/rust-lang/crates.io-index"
checksum = "e2abad23fbc42b3700f2f279844dc832adb2b2eb069b2df918f455c4e18cc646"
dependencies = [
 "spin",
]

[[package]]
name = "log"
version = "0.4.8"
source = "git+https://github.com/mesalock-linux/log-sgx#d08c18ff0585d2d4948e658e55c516b404ebdecf"
dependencies = [
 "cfg-if",
 "sgx_tstd",
]

[[package]]
name = "num-bigint"
version = "0.2.5"
source = "git+https://github.com/mesalock-linux/num-bigint-sgx#377ecfb8bfac838418e80af9ed6cc74a627ca9c9"
dependencies = [
 "autocfg 1.0.1",
 "num-integer",
 "num-traits",
 "sgx_tstd",
]

[[package]]
name = "num-integer"
version = "0.1.41"
source = "git+https://github.com/mesalock-linux/num-integer-sgx#0ece2da7c01233749769a1574f61236d1569b2b9"
dependencies = [
 "autocfg 0.1.7",
 "num-traits",
 "sgx_tstd",
]

[[package]]
name = "num-traits"
version = "0.2.10"
source = "git+https://github.com/mesalock-linux/num-traits-sgx#7551dca0b9f9fb86375bf1a84048d53f72d5ad79"
dependencies = [
 "autocfg 0.1.7",
 "sgx_tstd",
]

[[package]]
name = "proc-macro2"
version = "1.0.24"
source = "registry+https://github.com/rust-lang/crates.io-index"
checksum = "1e0704ee1a7e00d7bb417d0770ea303c1bccbabf0ef1667dae92b5967f5f8a71"
dependencies = [
 "unicode-xid",
]

[[package]]
name = "quote"
version = "1.0.7"
source = "registry+https://github.com/rust-lang/crates.io-index"
checksum = "aa563d17ecb180e500da1cfd2b028310ac758de548efdd203e18f283af693f37"
dependencies = [
 "proc-macro2",
]

[[package]]
name = "ring"
version = "0.16.11"
source = "git+https://github.com/mesalock-linux/ring-sgx?tag=v0.16.5#5311ddb2d335ddabf7a00f94efd8e7a5f7a9f728"
dependencies = [
 "cc",
 "sgx_tstd",
 "spin",
 "untrusted",
]

[[package]]
name = "rustls"
version = "0.16.0"
source = "git+https://github.com/mesalock-linux/rustls?branch=mesalock_sgx#145053b9e85a0a880485497e69880d3d7b3947c2"
dependencies = [
 "base64",
 "log",
 "ring",
 "sct",
 "sgx_tstd",
 "webpki",
]

[[package]]
name = "ryu"
version = "1.0.5"
source = "registry+https://github.com/rust-lang/crates.io-index"
checksum = "71d301d4193d031abdd79ff7e3dd721168a9572ef3fe51a1517aba235bd8f86e"

[[package]]
name = "sct"
version = "0.6.0"
source = "git+https://github.com/mesalock-linux/sct.rs?branch=mesalock_sgx#b16fb044362e6722566dbeb171e537c50dcb0501"
dependencies = [
 "ring",
 "sgx_tstd",
 "untrusted",
]

[[package]]
name = "serde"
version = "1.0.106"
source = "git+https://github.com/mesalock-linux/serde-sgx.git#58ff0793d46f96124132110880d0f4d44050d6ee"
dependencies = [
 "sgx_tstd",
]

[[package]]
name = "serde-big-array"
version = "0.1.5"
source = "git+https://github.com/mesalock-linux/serde-big-array-sgx#580cfb3c78fefaf31f4ecd360a6ffc25e6e2dd77"
dependencies = [
 "serde",
 "serde_derive",
]

[[package]]
name = "serde_derive"
version = "1.0.106"
source = "git+https://github.com/mesalock-linux/serde-sgx#58ff0793d46f96124132110880d0f4d44050d6ee"
dependencies = [
 "proc-macro2",
 "quote",
 "syn",
]

[[package]]
name = "serde_json"
version = "1.0.51"
source = "git+https://github.com/mesalock-linux/serde-json-sgx#3fe8bd43ff5627f410efba9c67bb3d31f22b3bec"
dependencies = [
 "itoa",
 "ryu",
 "serde",
 "sgx_tstd",
]

[[package]]
name = "sgx_alloc"
version = "1.1.3"

[[package]]
name = "sgx_backtrace_sys"
version = "1.1.3"
dependencies = [
 "cc",
 "sgx_build_helper",
 "sgx_libc",
]

[[package]]
name = "sgx_build_helper"
version = "0.1.3"

[[package]]
name = "sgx_crypto_helper"
version = "1.1.3"
dependencies = [
 "itertools",
 "serde",
 "serde-big-array",
 "serde_derive",
 "sgx_tcrypto",
 "sgx_tstd",
 "sgx_types",
]

[[package]]
name = "sgx_demangle"
version = "1.1.3"

[[package]]
name = "sgx_libc"
version = "1.1.3"
dependencies = [
 "sgx_types",
]

[[package]]
name = "sgx_rand"
version = "1.1.3"
dependencies = [
 "sgx_trts",
 "sgx_tstd",
 "sgx_types",
]

[[package]]
name = "sgx_tcrypto"
version = "1.1.3"
dependencies = [
 "sgx_types",
]

[[package]]
name = "sgx_tcrypto_helper"
version = "1.1.3"
dependencies = [
 "sgx_crypto_helper",
]

[[package]]
name = "sgx_tprotected_fs"
version = "1.1.3"
dependencies = [
 "sgx_trts",
 "sgx_types",
]

[[package]]
name = "sgx_trts"
version = "1.1.3"
dependencies = [
 "sgx_libc",
 "sgx_types",
]

[[package]]
name = "sgx_tse"
version = "1.1.3"
dependencies = [
 "sgx_types",
]

[[package]]
name = "sgx_tstd"
version = "1.1.3"
dependencies = [
 "hashbrown_tstd",
 "sgx_alloc",
 "sgx_backtrace_sys",
 "sgx_demangle",
 "sgx_libc",
 "sgx_tprotected_fs",
 "sgx_trts",
 "sgx_types",
 "sgx_unwind",
]

[[package]]
name = "sgx_types"
version = "1.1.3"

[[package]]
name = "sgx_unwind"
version = "0.1.1"
dependencies = [
 "sgx_build_helper",
]

[[package]]
name = "spin"
version = "0.5.2"
source = "registry+https://github.com/rust-lang/crates.io-index"
checksum = "6e63cff320ae2c57904679ba7cb63280a3dc4613885beafb148ee7bf9aa9042d"

[[package]]
name = "stubenclave"
version = "1.0.0"
dependencies = [
 "base64",
 "bit-vec",
 "chrono",
 "httparse",
 "itertools",
 "lazy_static",
 "num-bigint",
 "ring",
 "rustls",
 "serde_json",
 "sgx_rand",
 "sgx_tcrypto",
 "sgx_tcrypto_helper",
 "sgx_trts",
 "sgx_tse",
 "sgx_tstd",
 "sgx_types",
 "webpki",
 "webpki-roots",
 "yasna",
]

[[package]]
name = "syn"
version = "1.0.48"
source = "registry+https://github.com/rust-lang/crates.io-index"
checksum = "cc371affeffc477f42a221a1e4297aedcea33d47d19b61455588bd9d8f6b19ac"
dependencies = [
 "proc-macro2",
 "quote",
 "unicode-xid",
]

[[package]]
name = "unicode-xid"
version = "0.2.1"
source = "registry+https://github.com/rust-lang/crates.io-index"
checksum = "f7fe0bb3479651439c9112f72b6c505038574c9fbb575ed1bf3b797fa39dd564"

[[package]]
name = "untrusted"
version = "0.7.1"
source = "registry+https://github.com/rust-lang/crates.io-index"
checksum = "a156c684c91ea7d62626509bce3cb4e1d9ed5c4d978f7b4352658f96a4c26b4a"

[[package]]
name = "webpki"
version = "0.21.2"
source = "git+https://github.com/mesalock-linux/webpki?branch=mesalock_sgx#0fb931655e4d298f2c89ba67539aa84eeede55ed"
dependencies = [
 "ring",
 "sgx_tstd",
 "untrusted",
]

[[package]]
name = "webpki-roots"
version = "0.19.0"
source = "git+https://github.com/mesalock-linux/webpki-roots.git?branch=mesalock_sgx#4b542642de1d5a5394f8a24b356b7801e9220008"
dependencies = [
 "sgx_tstd",
 "webpki",
]

[[package]]
name = "yasna"
version = "0.3.1"
source = "git+https://github.com/mesalock-linux/yasna.rs-sgx#e28d16ecb426975d10ab792179e4d4f473ab872d"
dependencies = [
 "bit-vec",
 "chrono",
 "num-bigint",
 "sgx_tstd",
]

[[patch.unused]]
name = "sgx_backtrace"
version = "1.1.3"

[[patch.unused]]
name = "sgx_cov"
version = "1.1.3"

[[patch.unused]]
name = "sgx_rand_derive"
version = "1.1.3"

[[patch.unused]]
name = "sgx_serialize"
version = "1.1.3"

[[patch.unused]]
name = "sgx_serialize_derive"
version = "1.1.3"

[[patch.unused]]
name = "sgx_serialize_derive_internals"
version = "1.1.3"

[[patch.unused]]
name = "sgx_tdh"
version = "1.1.3"

[[patch.unused]]
name = "sgx_tkey_exchange"
version = "1.1.3"

[[patch.unused]]
name = "sgx_tseal"
version = "1.1.3"

[[patch.unused]]
name = "sgx_tunittest"
version = "1.1.3"
